
Microsoft Visual Studio Solution File, Format Version 12.00
# Visual Studio Version 16
VisualStudioVersion = 16.0.29509.3
MinimumVisualStudioVersion = 10.0.40219.1
Project("{2150E333-8FDC-42A3-9474-1A3956D46DE8}") = "src", "src", "{EF47161E-E399-451C-BDE8-E92AAD3BD761}"
EndProject
Project("{2150E333-8FDC-42A3-9474-1A3956D46DE8}") = "Solution Items", "Solution Items", "{F6AC9AEB-24EF-475A-B190-AA4D9E01270A}"
	ProjectSection(SolutionItems) = preProject
		readme.md = readme.md
	EndProjectSection
EndProject
Project("{2150E333-8FDC-42A3-9474-1A3956D46DE8}") = "samples", "samples", "{5080DB09-CBE8-4C45-9957-C3BB7651755E}"
EndProject
Project("{2150E333-8FDC-42A3-9474-1A3956D46DE8}") = "providers", "providers", "{2EEE6ABD-EE9B-473F-AF2D-6DABB85D7BA2}"
EndProject
Project("{2150E333-8FDC-42A3-9474-1A3956D46DE8}") = "test", "test", "{E6CEAD8D-F565-471E-A0DC-676F54EAEDEB}"
EndProject
Project("{2150E333-8FDC-42A3-9474-1A3956D46DE8}") = "extensions", "extensions", "{6803696C-B19A-4B27-9193-082A02B6F205}"
EndProject
Project("{9A19103F-16F7-4668-BE54-9A1E7A4F7556}") = "WorkflowCore", "src\WorkflowCore\WorkflowCore.csproj", "{B7B2EA4D-E7F0-43E2-942A-3A5AA8F57272}"
EndProject
Project("{9A19103F-16F7-4668-BE54-9A1E7A4F7556}") = "WorkflowCore.Persistence.MongoDB", "src\providers\WorkflowCore.Persistence.MongoDB\WorkflowCore.Persistence.MongoDB.csproj", "{DD26E7B4-9D3A-4E1E-8585-862DB6DE21EB}"
EndProject
Project("{9A19103F-16F7-4668-BE54-9A1E7A4F7556}") = "WorkflowCore.Sample01", "src\samples\WorkflowCore.Sample01\WorkflowCore.Sample01.csproj", "{660FEDAB-D085-476B-9E16-73E42F66DB4F}"
EndProject
Project("{9A19103F-16F7-4668-BE54-9A1E7A4F7556}") = "WorkflowCore.Sample02", "src\samples\WorkflowCore.Sample02\WorkflowCore.Sample02.csproj", "{BC6F28F1-9F47-4FFE-AD06-2B74CB89E76B}"
EndProject
Project("{9A19103F-16F7-4668-BE54-9A1E7A4F7556}") = "WorkflowCore.Sample03", "src\samples\WorkflowCore.Sample03\WorkflowCore.Sample03.csproj", "{FB738255-0304-4A25-B256-22E36EDF9507}"
EndProject
Project("{9A19103F-16F7-4668-BE54-9A1E7A4F7556}") = "WorkflowCore.Sample04", "src\samples\WorkflowCore.Sample04\WorkflowCore.Sample04.csproj", "{91301F52-E589-499E-97DE-91FA074B790C}"
EndProject
Project("{9A19103F-16F7-4668-BE54-9A1E7A4F7556}") = "WorkflowCore.Sample05", "src\samples\WorkflowCore.Sample05\WorkflowCore.Sample05.csproj", "{68883A5C-BD59-404D-A394-18104D6F472C}"
EndProject
Project("{9A19103F-16F7-4668-BE54-9A1E7A4F7556}") = "WorkflowCore.Persistence.EntityFramework", "src\providers\WorkflowCore.Persistence.EntityFramework\WorkflowCore.Persistence.EntityFramework.csproj", "{FE54AD67-817A-4CC6-A9EF-C9F7A5122CA4}"
EndProject
Project("{9A19103F-16F7-4668-BE54-9A1E7A4F7556}") = "WorkflowCore.Persistence.SqlServer", "src\providers\WorkflowCore.Persistence.SqlServer\WorkflowCore.Persistence.SqlServer.csproj", "{1DE96D4F-F2CA-4740-8764-BADD1000040A}"
EndProject
Project("{9A19103F-16F7-4668-BE54-9A1E7A4F7556}") = "WorkflowCore.Persistence.PostgreSQL", "src\providers\WorkflowCore.Persistence.PostgreSQL\WorkflowCore.Persistence.PostgreSQL.csproj", "{9274B938-3996-4FBA-AE2F-0C82009B1116}"
EndProject
Project("{9A19103F-16F7-4668-BE54-9A1E7A4F7556}") = "WorkflowCore.Persistence.Sqlite", "src\providers\WorkflowCore.Persistence.Sqlite\WorkflowCore.Persistence.Sqlite.csproj", "{86BC1E05-E9CE-4E53-B324-885A2FDBCE74}"
EndProject
Project("{9A19103F-16F7-4668-BE54-9A1E7A4F7556}") = "WorkflowCore.QueueProviders.RabbitMQ", "src\providers\WorkflowCore.QueueProviders.RabbitMQ\WorkflowCore.QueueProviders.RabbitMQ.csproj", "{AFAD87C7-B2EE-451E-BA7E-3F5A91358C48}"
EndProject
Project("{9A19103F-16F7-4668-BE54-9A1E7A4F7556}") = "WorkflowCore.Sample06", "src\samples\WorkflowCore.Sample06\WorkflowCore.Sample06.csproj", "{8FEAFD74-C304-4F75-BA38-4686BE55C891}"
EndProject
Project("{9A19103F-16F7-4668-BE54-9A1E7A4F7556}") = "WorkflowCore.UnitTests", "test\WorkflowCore.UnitTests\WorkflowCore.UnitTests.csproj", "{37B598A8-B054-4ABA-884D-96AEF2511600}"
EndProject
Project("{9A19103F-16F7-4668-BE54-9A1E7A4F7556}") = "WorkflowCore.TestAssets", "test\WorkflowCore.TestAssets\WorkflowCore.TestAssets.csproj", "{17C270A8-EC88-4883-9318-74BB28EFF508}"
EndProject
Project("{9A19103F-16F7-4668-BE54-9A1E7A4F7556}") = "WorkflowCore.Sample07", "src\samples\WorkflowCore.Sample07\WorkflowCore.Sample07.csproj", "{0631B4BA-D5DD-4C9E-8842-0D370A3D714A}"
EndProject
Project("{9A19103F-16F7-4668-BE54-9A1E7A4F7556}") = "WorkflowCore.IntegrationTests", "test\WorkflowCore.IntegrationTests\WorkflowCore.IntegrationTests.csproj", "{9162B6AD-AD06-4C64-9032-0E727643B1B9}"
EndProject
Project("{9A19103F-16F7-4668-BE54-9A1E7A4F7556}") = "WorkflowCore.Tests.MongoDB", "test\WorkflowCore.Tests.MongoDB\WorkflowCore.Tests.MongoDB.csproj", "{58EC09C7-EC0A-4708-9B6F-FBE6243CEB49}"
EndProject
Project("{9A19103F-16F7-4668-BE54-9A1E7A4F7556}") = "WorkflowCore.Tests.PostgreSQL", "test\WorkflowCore.Tests.PostgreSQL\WorkflowCore.Tests.PostgreSQL.csproj", "{8C2BD4D2-43EC-4930-9364-CDA938C01803}"
EndProject
Project("{9A19103F-16F7-4668-BE54-9A1E7A4F7556}") = "WorkflowCore.Users", "src\extensions\WorkflowCore.Users\WorkflowCore.Users.csproj", "{4C4DE624-9D91-484F-8BF7-2D71264EAB8B}"
EndProject
Project("{9A19103F-16F7-4668-BE54-9A1E7A4F7556}") = "WorkflowCore.Sample08", "src\samples\WorkflowCore.Sample08\WorkflowCore.Sample08.csproj", "{ED5074AF-A09E-4357-A419-FE3476C0FAE7}"
EndProject
Project("{9A19103F-16F7-4668-BE54-9A1E7A4F7556}") = "WorkflowCore.WebAPI", "src\extensions\WorkflowCore.WebAPI\WorkflowCore.WebAPI.csproj", "{FBF8D151-A3BF-4EB3-8F80-D71618696362}"
EndProject
Project("{9A19103F-16F7-4668-BE54-9A1E7A4F7556}") = "WorkflowCore.Sample09", "src\samples\WorkflowCore.Sample09\WorkflowCore.Sample09.csproj", "{50E1AFAC-0B58-43A8-8F03-3A63AAC681FA}"
EndProject
Project("{9A19103F-16F7-4668-BE54-9A1E7A4F7556}") = "WorkflowCore.Sample10", "src\samples\WorkflowCore.Sample10\WorkflowCore.Sample10.csproj", "{5E792455-4C4C-460F-849E-50A5DCED454D}"
EndProject
Project("{9A19103F-16F7-4668-BE54-9A1E7A4F7556}") = "WorkflowCore.Sample11", "src\samples\WorkflowCore.Sample11\WorkflowCore.Sample11.csproj", "{58D0480F-D05D-4348-86D9-B0A7255700E6}"
EndProject
Project("{9A19103F-16F7-4668-BE54-9A1E7A4F7556}") = "WorkflowCore.Sample12", "src\samples\WorkflowCore.Sample12\WorkflowCore.Sample12.csproj", "{BB776411-D279-419F-8697-5C6F52BCD5CD}"
EndProject
Project("{9A19103F-16F7-4668-BE54-9A1E7A4F7556}") = "WorkflowCore.Tests.Sqlite", "test\WorkflowCore.Tests.Sqlite\WorkflowCore.Tests.Sqlite.csproj", "{F9F8F9CD-01D9-468B-856D-6A87F0762A01}"
EndProject
Project("{9A19103F-16F7-4668-BE54-9A1E7A4F7556}") = "WorkflowCore.Tests.SqlServer", "test\WorkflowCore.Tests.SqlServer\WorkflowCore.Tests.SqlServer.csproj", "{A4B8E54D-F8FE-4358-AE14-A5354E828938}"
EndProject
Project("{9A19103F-16F7-4668-BE54-9A1E7A4F7556}") = "WorkflowCore.LockProviders.SqlServer", "src\providers\WorkflowCore.LockProviders.SqlServer\WorkflowCore.LockProviders.SqlServer.csproj", "{AAE2E9F9-37EF-4AE1-A200-D37417C9040C}"
EndProject
Project("{9A19103F-16F7-4668-BE54-9A1E7A4F7556}") = "WorkflowCore.Sample13", "src\samples\WorkflowCore.Sample13\WorkflowCore.Sample13.csproj", "{77C49ACA-203E-428C-A4DB-114DFE454988}"
EndProject
Project("{9A19103F-16F7-4668-BE54-9A1E7A4F7556}") = "WorkflowCore.Providers.Azure", "src\providers\WorkflowCore.Providers.Azure\WorkflowCore.Providers.Azure.csproj", "{A2374B7C-4198-40B3-B8FE-FAC3DB3F2539}"
EndProject
Project("{2150E333-8FDC-42A3-9474-1A3956D46DE8}") = "ReleaseNotes", "ReleaseNotes", "{38ECB00C-3F3B-4442-8408-ACE3B37FFAA8}"
	ProjectSection(SolutionItems) = preProject
		ReleaseNotes\1.2.8.md = ReleaseNotes\1.2.8.md
		ReleaseNotes\1.2.9.md = ReleaseNotes\1.2.9.md
		ReleaseNotes\1.3.0.md = ReleaseNotes\1.3.0.md
		ReleaseNotes\1.3.2.md = ReleaseNotes\1.3.2.md
		ReleaseNotes\1.3.3.md = ReleaseNotes\1.3.3.md
		ReleaseNotes\1.4.0.md = ReleaseNotes\1.4.0.md
		ReleaseNotes\1.6.0.md = ReleaseNotes\1.6.0.md
		ReleaseNotes\1.6.6.md = ReleaseNotes\1.6.6.md
		ReleaseNotes\1.6.8.md = ReleaseNotes\1.6.8.md
		ReleaseNotes\1.6.9.md = ReleaseNotes\1.6.9.md
		ReleaseNotes\1.7.0.md = ReleaseNotes\1.7.0.md
		ReleaseNotes\1.8.0.md = ReleaseNotes\1.8.0.md
		ReleaseNotes\1.8.1.md = ReleaseNotes\1.8.1.md
		ReleaseNotes\1.9.0.md = ReleaseNotes\1.9.0.md
		ReleaseNotes\1.9.2.md = ReleaseNotes\1.9.2.md
		ReleaseNotes\1.9.3.md = ReleaseNotes\1.9.3.md
		ReleaseNotes\2.0.0.md = ReleaseNotes\2.0.0.md
		ReleaseNotes\2.1.0.md = ReleaseNotes\2.1.0.md
		ReleaseNotes\2.1.2.md = ReleaseNotes\2.1.2.md
		ReleaseNotes\3.0.0.md = ReleaseNotes\3.0.0.md
		ReleaseNotes\3.1.0.md = ReleaseNotes\3.1.0.md
		ReleaseNotes\3.3.0.md = ReleaseNotes\3.3.0.md
	EndProjectSection
EndProject
Project("{9A19103F-16F7-4668-BE54-9A1E7A4F7556}") = "WorkflowCore.Sample14", "src\samples\WorkflowCore.Sample14\WorkflowCore.Sample14.csproj", "{6BC66637-B42A-4334-ADFB-DBEC9F29D293}"
EndProject
Project("{9A19103F-16F7-4668-BE54-9A1E7A4F7556}") = "WorkflowCore.Testing", "test\WorkflowCore.Testing\WorkflowCore.Testing.csproj", "{62A9709E-27DA-42EE-B94F-5AF431D86354}"
EndProject
Project("{9A19103F-16F7-4668-BE54-9A1E7A4F7556}") = "WorkflowCore.TestSample01", "src\samples\WorkflowCore.TestSample01\WorkflowCore.TestSample01.csproj", "{0E3C1496-8E7C-411A-A536-C7C9CE4EED4E}"
EndProject
Project("{9A19103F-16F7-4668-BE54-9A1E7A4F7556}") = "Docker.Testify", "test\Docker.Testify\Docker.Testify.csproj", "{EC497168-5347-4E70-9D9E-9C2F826C1CDF}"
EndProject
Project("{9A19103F-16F7-4668-BE54-9A1E7A4F7556}") = "WorkflowCore.Sample15", "src\samples\WorkflowCore.Sample15\WorkflowCore.Sample15.csproj", "{9B7811AC-68D6-4D19-B1E9-65423393ED83}"
EndProject
Project("{9A19103F-16F7-4668-BE54-9A1E7A4F7556}") = "WorkflowCore.Sample16", "src\samples\WorkflowCore.Sample16\WorkflowCore.Sample16.csproj", "{0C9617A9-C8B7-45F6-A54A-261A23AC881B}"
EndProject
Project("{9A19103F-16F7-4668-BE54-9A1E7A4F7556}") = "WorkflowCore.Sample17", "src\samples\WorkflowCore.Sample17\WorkflowCore.Sample17.csproj", "{42F475BC-95F4-42E1-8CCD-7B9C27487E33}"
EndProject
Project("{9A19103F-16F7-4668-BE54-9A1E7A4F7556}") = "WorkflowCore.QueueProviders.SqlServer", "src\providers\WorkflowCore.QueueProviders.SqlServer\WorkflowCore.QueueProviders.SqlServer.csproj", "{7EDD9353-F5C2-414C-AE51-4B0F1C5E105A}"
EndProject
Project("{9A19103F-16F7-4668-BE54-9A1E7A4F7556}") = "WorkflowCore.Providers.AWS", "src\providers\WorkflowCore.Providers.AWS\WorkflowCore.Providers.AWS.csproj", "{5E82A137-0954-46A1-8C46-13C00F0E4842}"
EndProject
Project("{9A19103F-16F7-4668-BE54-9A1E7A4F7556}") = "WorkflowCore.Persistence.MySQL", "src\providers\WorkflowCore.Persistence.MySQL\WorkflowCore.Persistence.MySQL.csproj", "{453E260D-DBDC-4DDC-BC9C-CA500CED7897}"
EndProject
Project("{9A19103F-16F7-4668-BE54-9A1E7A4F7556}") = "WorkflowCore.Tests.MySQL", "test\WorkflowCore.Tests.MySQL\WorkflowCore.Tests.MySQL.csproj", "{DF7F7ECA-1771-40C9-9CD0-AFEFC44E60DE}"
EndProject
Project("{9A19103F-16F7-4668-BE54-9A1E7A4F7556}") = "WorkflowCore.Tests.DynamoDB", "test\WorkflowCore.Tests.DynamoDB\WorkflowCore.Tests.DynamoDB.csproj", "{3ECEC028-7E2C-4983-B928-26C073B51BB7}"
EndProject
Project("{9A19103F-16F7-4668-BE54-9A1E7A4F7556}") = "WorkflowCore.Providers.Redis", "src\providers\WorkflowCore.Providers.Redis\WorkflowCore.Providers.Redis.csproj", "{435C6263-C6F8-4E93-B417-D861E9C22E18}"
EndProject
Project("{9A19103F-16F7-4668-BE54-9A1E7A4F7556}") = "WorkflowCore.Providers.Elasticsearch", "src\providers\WorkflowCore.Providers.Elasticsearch\WorkflowCore.Providers.Elasticsearch.csproj", "{F6348170-B695-4D97-BAE6-4F0F643F3BEF}"
EndProject
Project("{9A19103F-16F7-4668-BE54-9A1E7A4F7556}") = "WorkflowCore.Tests.Elasticsearch", "test\WorkflowCore.Tests.Elasticsearch\WorkflowCore.Tests.Elasticsearch.csproj", "{44644716-0CE8-4837-B189-AB65AE2106AA}"
EndProject
Project("{9A19103F-16F7-4668-BE54-9A1E7A4F7556}") = "WorkflowCore.Tests.Redis", "test\WorkflowCore.Tests.Redis\WorkflowCore.Tests.Redis.csproj", "{78217204-B873-40B9-8875-E3925B2FBCEC}"
EndProject
Project("{9A19103F-16F7-4668-BE54-9A1E7A4F7556}") = "WorkflowCore.DSL", "src\WorkflowCore.DSL\WorkflowCore.DSL.csproj", "{20B98905-08CB-4854-8E2C-A31A078383E9}"
EndProject
Project("{9A19103F-16F7-4668-BE54-9A1E7A4F7556}") = "WorkflowCore.Sample18", "src\samples\WorkflowCore.Sample18\WorkflowCore.Sample18.csproj", "{5BE6D628-B9DB-4C76-AAEB-8F3800509A84}"
EndProject
Project("{9A19103F-16F7-4668-BE54-9A1E7A4F7556}") = "WorkflowCore.Sample09s", "src\samples\WorkflowCore.Sample09s\WorkflowCore.Sample09s.csproj", "{E32CF21A-29CC-46D1-8044-FCC327F2B281}"
EndProject
Project("{9A19103F-16F7-4668-BE54-9A1E7A4F7556}") = "ScratchPad", "test\ScratchPad\ScratchPad.csproj", "{51BB7DCD-01DD-453D-A1E7-17E5E3DBB14C}"
EndProject
Project("{9A19103F-16F7-4668-BE54-9A1E7A4F7556}") = "WorkflowCore.Tests.QueueProviders.RabbitMQ", "test\WorkflowCore.Tests.QueueProviders.RabbitMQ\WorkflowCore.Tests.QueueProviders.RabbitMQ.csproj", "{54DE20BA-EBA7-4BF0-9BD9-F03766849716}"
EndProject
Project("{9A19103F-16F7-4668-BE54-9A1E7A4F7556}") = "WorkflowCore.Sample19", "src\samples\WorkflowCore.Sample19\WorkflowCore.Sample19.csproj", "{1223ED47-3E5E-4960-B70D-DFAF550F6666}"
EndProject
Project("{FAE04EC0-301F-11D3-BF4B-00C04F79EFBC}") = "WorkflowCore.Persistence.RavenDB", "src\providers\WorkflowCore.Persistence.RavenDB\WorkflowCore.Persistence.RavenDB.csproj", "{AF205715-C8B7-42EF-BF14-AFC9E7F27242}"
EndProject
Global
	GlobalSection(SolutionConfigurationPlatforms) = preSolution
		Debug|Any CPU = Debug|Any CPU
		Release|Any CPU = Release|Any CPU
	EndGlobalSection
	GlobalSection(ProjectConfigurationPlatforms) = postSolution
		{B7B2EA4D-E7F0-43E2-942A-3A5AA8F57272}.Debug|Any CPU.ActiveCfg = Debug|Any CPU
		{B7B2EA4D-E7F0-43E2-942A-3A5AA8F57272}.Debug|Any CPU.Build.0 = Debug|Any CPU
		{B7B2EA4D-E7F0-43E2-942A-3A5AA8F57272}.Release|Any CPU.ActiveCfg = Release|Any CPU
		{B7B2EA4D-E7F0-43E2-942A-3A5AA8F57272}.Release|Any CPU.Build.0 = Release|Any CPU
		{DD26E7B4-9D3A-4E1E-8585-862DB6DE21EB}.Debug|Any CPU.ActiveCfg = Debug|Any CPU
		{DD26E7B4-9D3A-4E1E-8585-862DB6DE21EB}.Debug|Any CPU.Build.0 = Debug|Any CPU
		{DD26E7B4-9D3A-4E1E-8585-862DB6DE21EB}.Release|Any CPU.ActiveCfg = Release|Any CPU
		{DD26E7B4-9D3A-4E1E-8585-862DB6DE21EB}.Release|Any CPU.Build.0 = Release|Any CPU
		{660FEDAB-D085-476B-9E16-73E42F66DB4F}.Debug|Any CPU.ActiveCfg = Debug|Any CPU
		{660FEDAB-D085-476B-9E16-73E42F66DB4F}.Debug|Any CPU.Build.0 = Debug|Any CPU
		{660FEDAB-D085-476B-9E16-73E42F66DB4F}.Release|Any CPU.ActiveCfg = Release|Any CPU
		{660FEDAB-D085-476B-9E16-73E42F66DB4F}.Release|Any CPU.Build.0 = Release|Any CPU
		{BC6F28F1-9F47-4FFE-AD06-2B74CB89E76B}.Debug|Any CPU.ActiveCfg = Debug|Any CPU
		{BC6F28F1-9F47-4FFE-AD06-2B74CB89E76B}.Debug|Any CPU.Build.0 = Debug|Any CPU
		{BC6F28F1-9F47-4FFE-AD06-2B74CB89E76B}.Release|Any CPU.ActiveCfg = Release|Any CPU
		{BC6F28F1-9F47-4FFE-AD06-2B74CB89E76B}.Release|Any CPU.Build.0 = Release|Any CPU
		{FB738255-0304-4A25-B256-22E36EDF9507}.Debug|Any CPU.ActiveCfg = Debug|Any CPU
		{FB738255-0304-4A25-B256-22E36EDF9507}.Debug|Any CPU.Build.0 = Debug|Any CPU
		{FB738255-0304-4A25-B256-22E36EDF9507}.Release|Any CPU.ActiveCfg = Release|Any CPU
		{FB738255-0304-4A25-B256-22E36EDF9507}.Release|Any CPU.Build.0 = Release|Any CPU
		{91301F52-E589-499E-97DE-91FA074B790C}.Debug|Any CPU.ActiveCfg = Debug|Any CPU
		{91301F52-E589-499E-97DE-91FA074B790C}.Debug|Any CPU.Build.0 = Debug|Any CPU
		{91301F52-E589-499E-97DE-91FA074B790C}.Release|Any CPU.ActiveCfg = Release|Any CPU
		{91301F52-E589-499E-97DE-91FA074B790C}.Release|Any CPU.Build.0 = Release|Any CPU
		{68883A5C-BD59-404D-A394-18104D6F472C}.Debug|Any CPU.ActiveCfg = Debug|Any CPU
		{68883A5C-BD59-404D-A394-18104D6F472C}.Debug|Any CPU.Build.0 = Debug|Any CPU
		{68883A5C-BD59-404D-A394-18104D6F472C}.Release|Any CPU.ActiveCfg = Release|Any CPU
		{68883A5C-BD59-404D-A394-18104D6F472C}.Release|Any CPU.Build.0 = Release|Any CPU
		{FE54AD67-817A-4CC6-A9EF-C9F7A5122CA4}.Debug|Any CPU.ActiveCfg = Debug|Any CPU
		{FE54AD67-817A-4CC6-A9EF-C9F7A5122CA4}.Debug|Any CPU.Build.0 = Debug|Any CPU
		{FE54AD67-817A-4CC6-A9EF-C9F7A5122CA4}.Release|Any CPU.ActiveCfg = Release|Any CPU
		{FE54AD67-817A-4CC6-A9EF-C9F7A5122CA4}.Release|Any CPU.Build.0 = Release|Any CPU
		{1DE96D4F-F2CA-4740-8764-BADD1000040A}.Debug|Any CPU.ActiveCfg = Debug|Any CPU
		{1DE96D4F-F2CA-4740-8764-BADD1000040A}.Debug|Any CPU.Build.0 = Debug|Any CPU
		{1DE96D4F-F2CA-4740-8764-BADD1000040A}.Release|Any CPU.ActiveCfg = Release|Any CPU
		{1DE96D4F-F2CA-4740-8764-BADD1000040A}.Release|Any CPU.Build.0 = Release|Any CPU
		{9274B938-3996-4FBA-AE2F-0C82009B1116}.Debug|Any CPU.ActiveCfg = Debug|Any CPU
		{9274B938-3996-4FBA-AE2F-0C82009B1116}.Debug|Any CPU.Build.0 = Debug|Any CPU
		{9274B938-3996-4FBA-AE2F-0C82009B1116}.Release|Any CPU.ActiveCfg = Release|Any CPU
		{9274B938-3996-4FBA-AE2F-0C82009B1116}.Release|Any CPU.Build.0 = Release|Any CPU
		{86BC1E05-E9CE-4E53-B324-885A2FDBCE74}.Debug|Any CPU.ActiveCfg = Debug|Any CPU
		{86BC1E05-E9CE-4E53-B324-885A2FDBCE74}.Debug|Any CPU.Build.0 = Debug|Any CPU
		{86BC1E05-E9CE-4E53-B324-885A2FDBCE74}.Release|Any CPU.ActiveCfg = Release|Any CPU
		{86BC1E05-E9CE-4E53-B324-885A2FDBCE74}.Release|Any CPU.Build.0 = Release|Any CPU
		{AFAD87C7-B2EE-451E-BA7E-3F5A91358C48}.Debug|Any CPU.ActiveCfg = Debug|Any CPU
		{AFAD87C7-B2EE-451E-BA7E-3F5A91358C48}.Debug|Any CPU.Build.0 = Debug|Any CPU
		{AFAD87C7-B2EE-451E-BA7E-3F5A91358C48}.Release|Any CPU.ActiveCfg = Release|Any CPU
		{AFAD87C7-B2EE-451E-BA7E-3F5A91358C48}.Release|Any CPU.Build.0 = Release|Any CPU
		{8FEAFD74-C304-4F75-BA38-4686BE55C891}.Debug|Any CPU.ActiveCfg = Debug|Any CPU
		{8FEAFD74-C304-4F75-BA38-4686BE55C891}.Debug|Any CPU.Build.0 = Debug|Any CPU
		{8FEAFD74-C304-4F75-BA38-4686BE55C891}.Release|Any CPU.ActiveCfg = Release|Any CPU
		{8FEAFD74-C304-4F75-BA38-4686BE55C891}.Release|Any CPU.Build.0 = Release|Any CPU
		{37B598A8-B054-4ABA-884D-96AEF2511600}.Debug|Any CPU.ActiveCfg = Debug|Any CPU
		{37B598A8-B054-4ABA-884D-96AEF2511600}.Debug|Any CPU.Build.0 = Debug|Any CPU
		{37B598A8-B054-4ABA-884D-96AEF2511600}.Release|Any CPU.ActiveCfg = Release|Any CPU
		{37B598A8-B054-4ABA-884D-96AEF2511600}.Release|Any CPU.Build.0 = Release|Any CPU
		{17C270A8-EC88-4883-9318-74BB28EFF508}.Debug|Any CPU.ActiveCfg = Debug|Any CPU
		{17C270A8-EC88-4883-9318-74BB28EFF508}.Debug|Any CPU.Build.0 = Debug|Any CPU
		{17C270A8-EC88-4883-9318-74BB28EFF508}.Release|Any CPU.ActiveCfg = Release|Any CPU
		{17C270A8-EC88-4883-9318-74BB28EFF508}.Release|Any CPU.Build.0 = Release|Any CPU
		{0631B4BA-D5DD-4C9E-8842-0D370A3D714A}.Debug|Any CPU.ActiveCfg = Debug|Any CPU
		{0631B4BA-D5DD-4C9E-8842-0D370A3D714A}.Debug|Any CPU.Build.0 = Debug|Any CPU
		{0631B4BA-D5DD-4C9E-8842-0D370A3D714A}.Release|Any CPU.ActiveCfg = Release|Any CPU
		{0631B4BA-D5DD-4C9E-8842-0D370A3D714A}.Release|Any CPU.Build.0 = Release|Any CPU
		{9162B6AD-AD06-4C64-9032-0E727643B1B9}.Debug|Any CPU.ActiveCfg = Debug|Any CPU
		{9162B6AD-AD06-4C64-9032-0E727643B1B9}.Debug|Any CPU.Build.0 = Debug|Any CPU
		{9162B6AD-AD06-4C64-9032-0E727643B1B9}.Release|Any CPU.ActiveCfg = Release|Any CPU
		{9162B6AD-AD06-4C64-9032-0E727643B1B9}.Release|Any CPU.Build.0 = Release|Any CPU
		{58EC09C7-EC0A-4708-9B6F-FBE6243CEB49}.Debug|Any CPU.ActiveCfg = Debug|Any CPU
		{58EC09C7-EC0A-4708-9B6F-FBE6243CEB49}.Debug|Any CPU.Build.0 = Debug|Any CPU
		{58EC09C7-EC0A-4708-9B6F-FBE6243CEB49}.Release|Any CPU.ActiveCfg = Release|Any CPU
		{58EC09C7-EC0A-4708-9B6F-FBE6243CEB49}.Release|Any CPU.Build.0 = Release|Any CPU
		{8C2BD4D2-43EC-4930-9364-CDA938C01803}.Debug|Any CPU.ActiveCfg = Debug|Any CPU
		{8C2BD4D2-43EC-4930-9364-CDA938C01803}.Debug|Any CPU.Build.0 = Debug|Any CPU
		{8C2BD4D2-43EC-4930-9364-CDA938C01803}.Release|Any CPU.ActiveCfg = Release|Any CPU
		{8C2BD4D2-43EC-4930-9364-CDA938C01803}.Release|Any CPU.Build.0 = Release|Any CPU
		{4C4DE624-9D91-484F-8BF7-2D71264EAB8B}.Debug|Any CPU.ActiveCfg = Debug|Any CPU
		{4C4DE624-9D91-484F-8BF7-2D71264EAB8B}.Debug|Any CPU.Build.0 = Debug|Any CPU
		{4C4DE624-9D91-484F-8BF7-2D71264EAB8B}.Release|Any CPU.ActiveCfg = Release|Any CPU
		{4C4DE624-9D91-484F-8BF7-2D71264EAB8B}.Release|Any CPU.Build.0 = Release|Any CPU
		{ED5074AF-A09E-4357-A419-FE3476C0FAE7}.Debug|Any CPU.ActiveCfg = Debug|Any CPU
		{ED5074AF-A09E-4357-A419-FE3476C0FAE7}.Debug|Any CPU.Build.0 = Debug|Any CPU
		{ED5074AF-A09E-4357-A419-FE3476C0FAE7}.Release|Any CPU.ActiveCfg = Release|Any CPU
		{ED5074AF-A09E-4357-A419-FE3476C0FAE7}.Release|Any CPU.Build.0 = Release|Any CPU
		{FBF8D151-A3BF-4EB3-8F80-D71618696362}.Debug|Any CPU.ActiveCfg = Debug|Any CPU
		{FBF8D151-A3BF-4EB3-8F80-D71618696362}.Debug|Any CPU.Build.0 = Debug|Any CPU
		{FBF8D151-A3BF-4EB3-8F80-D71618696362}.Release|Any CPU.ActiveCfg = Release|Any CPU
		{FBF8D151-A3BF-4EB3-8F80-D71618696362}.Release|Any CPU.Build.0 = Release|Any CPU
		{50E1AFAC-0B58-43A8-8F03-3A63AAC681FA}.Debug|Any CPU.ActiveCfg = Debug|Any CPU
		{50E1AFAC-0B58-43A8-8F03-3A63AAC681FA}.Debug|Any CPU.Build.0 = Debug|Any CPU
		{50E1AFAC-0B58-43A8-8F03-3A63AAC681FA}.Release|Any CPU.ActiveCfg = Release|Any CPU
		{50E1AFAC-0B58-43A8-8F03-3A63AAC681FA}.Release|Any CPU.Build.0 = Release|Any CPU
		{5E792455-4C4C-460F-849E-50A5DCED454D}.Debug|Any CPU.ActiveCfg = Debug|Any CPU
		{5E792455-4C4C-460F-849E-50A5DCED454D}.Debug|Any CPU.Build.0 = Debug|Any CPU
		{5E792455-4C4C-460F-849E-50A5DCED454D}.Release|Any CPU.ActiveCfg = Release|Any CPU
		{5E792455-4C4C-460F-849E-50A5DCED454D}.Release|Any CPU.Build.0 = Release|Any CPU
		{58D0480F-D05D-4348-86D9-B0A7255700E6}.Debug|Any CPU.ActiveCfg = Debug|Any CPU
		{58D0480F-D05D-4348-86D9-B0A7255700E6}.Debug|Any CPU.Build.0 = Debug|Any CPU
		{58D0480F-D05D-4348-86D9-B0A7255700E6}.Release|Any CPU.ActiveCfg = Release|Any CPU
		{58D0480F-D05D-4348-86D9-B0A7255700E6}.Release|Any CPU.Build.0 = Release|Any CPU
		{BB776411-D279-419F-8697-5C6F52BCD5CD}.Debug|Any CPU.ActiveCfg = Debug|Any CPU
		{BB776411-D279-419F-8697-5C6F52BCD5CD}.Debug|Any CPU.Build.0 = Debug|Any CPU
		{BB776411-D279-419F-8697-5C6F52BCD5CD}.Release|Any CPU.ActiveCfg = Release|Any CPU
		{BB776411-D279-419F-8697-5C6F52BCD5CD}.Release|Any CPU.Build.0 = Release|Any CPU
		{F9F8F9CD-01D9-468B-856D-6A87F0762A01}.Debug|Any CPU.ActiveCfg = Debug|Any CPU
		{F9F8F9CD-01D9-468B-856D-6A87F0762A01}.Debug|Any CPU.Build.0 = Debug|Any CPU
		{F9F8F9CD-01D9-468B-856D-6A87F0762A01}.Release|Any CPU.ActiveCfg = Release|Any CPU
		{F9F8F9CD-01D9-468B-856D-6A87F0762A01}.Release|Any CPU.Build.0 = Release|Any CPU
		{A4B8E54D-F8FE-4358-AE14-A5354E828938}.Debug|Any CPU.ActiveCfg = Debug|Any CPU
		{A4B8E54D-F8FE-4358-AE14-A5354E828938}.Debug|Any CPU.Build.0 = Debug|Any CPU
		{A4B8E54D-F8FE-4358-AE14-A5354E828938}.Release|Any CPU.ActiveCfg = Release|Any CPU
		{A4B8E54D-F8FE-4358-AE14-A5354E828938}.Release|Any CPU.Build.0 = Release|Any CPU
		{AAE2E9F9-37EF-4AE1-A200-D37417C9040C}.Debug|Any CPU.ActiveCfg = Debug|Any CPU
		{AAE2E9F9-37EF-4AE1-A200-D37417C9040C}.Debug|Any CPU.Build.0 = Debug|Any CPU
		{AAE2E9F9-37EF-4AE1-A200-D37417C9040C}.Release|Any CPU.ActiveCfg = Release|Any CPU
		{AAE2E9F9-37EF-4AE1-A200-D37417C9040C}.Release|Any CPU.Build.0 = Release|Any CPU
		{77C49ACA-203E-428C-A4DB-114DFE454988}.Debug|Any CPU.ActiveCfg = Debug|Any CPU
		{77C49ACA-203E-428C-A4DB-114DFE454988}.Debug|Any CPU.Build.0 = Debug|Any CPU
		{77C49ACA-203E-428C-A4DB-114DFE454988}.Release|Any CPU.ActiveCfg = Release|Any CPU
		{77C49ACA-203E-428C-A4DB-114DFE454988}.Release|Any CPU.Build.0 = Release|Any CPU
		{A2374B7C-4198-40B3-B8FE-FAC3DB3F2539}.Debug|Any CPU.ActiveCfg = Debug|Any CPU
		{A2374B7C-4198-40B3-B8FE-FAC3DB3F2539}.Debug|Any CPU.Build.0 = Debug|Any CPU
		{A2374B7C-4198-40B3-B8FE-FAC3DB3F2539}.Release|Any CPU.ActiveCfg = Release|Any CPU
		{A2374B7C-4198-40B3-B8FE-FAC3DB3F2539}.Release|Any CPU.Build.0 = Release|Any CPU
		{6BC66637-B42A-4334-ADFB-DBEC9F29D293}.Debug|Any CPU.ActiveCfg = Debug|Any CPU
		{6BC66637-B42A-4334-ADFB-DBEC9F29D293}.Debug|Any CPU.Build.0 = Debug|Any CPU
		{6BC66637-B42A-4334-ADFB-DBEC9F29D293}.Release|Any CPU.ActiveCfg = Release|Any CPU
		{6BC66637-B42A-4334-ADFB-DBEC9F29D293}.Release|Any CPU.Build.0 = Release|Any CPU
		{62A9709E-27DA-42EE-B94F-5AF431D86354}.Debug|Any CPU.ActiveCfg = Debug|Any CPU
		{62A9709E-27DA-42EE-B94F-5AF431D86354}.Debug|Any CPU.Build.0 = Debug|Any CPU
		{62A9709E-27DA-42EE-B94F-5AF431D86354}.Release|Any CPU.ActiveCfg = Release|Any CPU
		{62A9709E-27DA-42EE-B94F-5AF431D86354}.Release|Any CPU.Build.0 = Release|Any CPU
		{0E3C1496-8E7C-411A-A536-C7C9CE4EED4E}.Debug|Any CPU.ActiveCfg = Debug|Any CPU
		{0E3C1496-8E7C-411A-A536-C7C9CE4EED4E}.Debug|Any CPU.Build.0 = Debug|Any CPU
		{0E3C1496-8E7C-411A-A536-C7C9CE4EED4E}.Release|Any CPU.ActiveCfg = Release|Any CPU
		{0E3C1496-8E7C-411A-A536-C7C9CE4EED4E}.Release|Any CPU.Build.0 = Release|Any CPU
		{EC497168-5347-4E70-9D9E-9C2F826C1CDF}.Debug|Any CPU.ActiveCfg = Debug|Any CPU
		{EC497168-5347-4E70-9D9E-9C2F826C1CDF}.Debug|Any CPU.Build.0 = Debug|Any CPU
		{EC497168-5347-4E70-9D9E-9C2F826C1CDF}.Release|Any CPU.ActiveCfg = Release|Any CPU
		{EC497168-5347-4E70-9D9E-9C2F826C1CDF}.Release|Any CPU.Build.0 = Release|Any CPU
		{9B7811AC-68D6-4D19-B1E9-65423393ED83}.Debug|Any CPU.ActiveCfg = Debug|Any CPU
		{9B7811AC-68D6-4D19-B1E9-65423393ED83}.Debug|Any CPU.Build.0 = Debug|Any CPU
		{9B7811AC-68D6-4D19-B1E9-65423393ED83}.Release|Any CPU.ActiveCfg = Release|Any CPU
		{9B7811AC-68D6-4D19-B1E9-65423393ED83}.Release|Any CPU.Build.0 = Release|Any CPU
		{0C9617A9-C8B7-45F6-A54A-261A23AC881B}.Debug|Any CPU.ActiveCfg = Debug|Any CPU
		{0C9617A9-C8B7-45F6-A54A-261A23AC881B}.Debug|Any CPU.Build.0 = Debug|Any CPU
		{0C9617A9-C8B7-45F6-A54A-261A23AC881B}.Release|Any CPU.ActiveCfg = Release|Any CPU
		{0C9617A9-C8B7-45F6-A54A-261A23AC881B}.Release|Any CPU.Build.0 = Release|Any CPU
		{42F475BC-95F4-42E1-8CCD-7B9C27487E33}.Debug|Any CPU.ActiveCfg = Debug|Any CPU
		{42F475BC-95F4-42E1-8CCD-7B9C27487E33}.Debug|Any CPU.Build.0 = Debug|Any CPU
		{42F475BC-95F4-42E1-8CCD-7B9C27487E33}.Release|Any CPU.ActiveCfg = Release|Any CPU
		{42F475BC-95F4-42E1-8CCD-7B9C27487E33}.Release|Any CPU.Build.0 = Release|Any CPU
		{7EDD9353-F5C2-414C-AE51-4B0F1C5E105A}.Debug|Any CPU.ActiveCfg = Debug|Any CPU
		{7EDD9353-F5C2-414C-AE51-4B0F1C5E105A}.Debug|Any CPU.Build.0 = Debug|Any CPU
		{7EDD9353-F5C2-414C-AE51-4B0F1C5E105A}.Release|Any CPU.ActiveCfg = Release|Any CPU
		{7EDD9353-F5C2-414C-AE51-4B0F1C5E105A}.Release|Any CPU.Build.0 = Release|Any CPU
		{5E82A137-0954-46A1-8C46-13C00F0E4842}.Debug|Any CPU.ActiveCfg = Debug|Any CPU
		{5E82A137-0954-46A1-8C46-13C00F0E4842}.Debug|Any CPU.Build.0 = Debug|Any CPU
		{5E82A137-0954-46A1-8C46-13C00F0E4842}.Release|Any CPU.ActiveCfg = Release|Any CPU
		{5E82A137-0954-46A1-8C46-13C00F0E4842}.Release|Any CPU.Build.0 = Release|Any CPU
		{453E260D-DBDC-4DDC-BC9C-CA500CED7897}.Debug|Any CPU.ActiveCfg = Debug|Any CPU
		{453E260D-DBDC-4DDC-BC9C-CA500CED7897}.Debug|Any CPU.Build.0 = Debug|Any CPU
		{453E260D-DBDC-4DDC-BC9C-CA500CED7897}.Release|Any CPU.ActiveCfg = Release|Any CPU
		{453E260D-DBDC-4DDC-BC9C-CA500CED7897}.Release|Any CPU.Build.0 = Release|Any CPU
		{DF7F7ECA-1771-40C9-9CD0-AFEFC44E60DE}.Debug|Any CPU.ActiveCfg = Debug|Any CPU
		{DF7F7ECA-1771-40C9-9CD0-AFEFC44E60DE}.Debug|Any CPU.Build.0 = Debug|Any CPU
		{DF7F7ECA-1771-40C9-9CD0-AFEFC44E60DE}.Release|Any CPU.ActiveCfg = Release|Any CPU
		{DF7F7ECA-1771-40C9-9CD0-AFEFC44E60DE}.Release|Any CPU.Build.0 = Release|Any CPU
		{3ECEC028-7E2C-4983-B928-26C073B51BB7}.Debug|Any CPU.ActiveCfg = Debug|Any CPU
		{3ECEC028-7E2C-4983-B928-26C073B51BB7}.Debug|Any CPU.Build.0 = Debug|Any CPU
		{3ECEC028-7E2C-4983-B928-26C073B51BB7}.Release|Any CPU.ActiveCfg = Release|Any CPU
		{3ECEC028-7E2C-4983-B928-26C073B51BB7}.Release|Any CPU.Build.0 = Release|Any CPU
		{435C6263-C6F8-4E93-B417-D861E9C22E18}.Debug|Any CPU.ActiveCfg = Debug|Any CPU
		{435C6263-C6F8-4E93-B417-D861E9C22E18}.Debug|Any CPU.Build.0 = Debug|Any CPU
		{435C6263-C6F8-4E93-B417-D861E9C22E18}.Release|Any CPU.ActiveCfg = Release|Any CPU
		{435C6263-C6F8-4E93-B417-D861E9C22E18}.Release|Any CPU.Build.0 = Release|Any CPU
		{F6348170-B695-4D97-BAE6-4F0F643F3BEF}.Debug|Any CPU.ActiveCfg = Debug|Any CPU
		{F6348170-B695-4D97-BAE6-4F0F643F3BEF}.Debug|Any CPU.Build.0 = Debug|Any CPU
		{F6348170-B695-4D97-BAE6-4F0F643F3BEF}.Release|Any CPU.ActiveCfg = Release|Any CPU
		{F6348170-B695-4D97-BAE6-4F0F643F3BEF}.Release|Any CPU.Build.0 = Release|Any CPU
		{44644716-0CE8-4837-B189-AB65AE2106AA}.Debug|Any CPU.ActiveCfg = Debug|Any CPU
		{44644716-0CE8-4837-B189-AB65AE2106AA}.Debug|Any CPU.Build.0 = Debug|Any CPU
		{44644716-0CE8-4837-B189-AB65AE2106AA}.Release|Any CPU.ActiveCfg = Release|Any CPU
		{44644716-0CE8-4837-B189-AB65AE2106AA}.Release|Any CPU.Build.0 = Release|Any CPU
		{78217204-B873-40B9-8875-E3925B2FBCEC}.Debug|Any CPU.ActiveCfg = Debug|Any CPU
		{78217204-B873-40B9-8875-E3925B2FBCEC}.Debug|Any CPU.Build.0 = Debug|Any CPU
		{78217204-B873-40B9-8875-E3925B2FBCEC}.Release|Any CPU.ActiveCfg = Release|Any CPU
		{78217204-B873-40B9-8875-E3925B2FBCEC}.Release|Any CPU.Build.0 = Release|Any CPU
		{20B98905-08CB-4854-8E2C-A31A078383E9}.Debug|Any CPU.ActiveCfg = Debug|Any CPU
		{20B98905-08CB-4854-8E2C-A31A078383E9}.Debug|Any CPU.Build.0 = Debug|Any CPU
		{20B98905-08CB-4854-8E2C-A31A078383E9}.Release|Any CPU.ActiveCfg = Release|Any CPU
		{20B98905-08CB-4854-8E2C-A31A078383E9}.Release|Any CPU.Build.0 = Release|Any CPU
		{5BE6D628-B9DB-4C76-AAEB-8F3800509A84}.Debug|Any CPU.ActiveCfg = Debug|Any CPU
		{5BE6D628-B9DB-4C76-AAEB-8F3800509A84}.Debug|Any CPU.Build.0 = Debug|Any CPU
		{5BE6D628-B9DB-4C76-AAEB-8F3800509A84}.Release|Any CPU.ActiveCfg = Release|Any CPU
		{5BE6D628-B9DB-4C76-AAEB-8F3800509A84}.Release|Any CPU.Build.0 = Release|Any CPU
		{E32CF21A-29CC-46D1-8044-FCC327F2B281}.Debug|Any CPU.ActiveCfg = Debug|Any CPU
		{E32CF21A-29CC-46D1-8044-FCC327F2B281}.Debug|Any CPU.Build.0 = Debug|Any CPU
		{E32CF21A-29CC-46D1-8044-FCC327F2B281}.Release|Any CPU.ActiveCfg = Release|Any CPU
		{E32CF21A-29CC-46D1-8044-FCC327F2B281}.Release|Any CPU.Build.0 = Release|Any CPU
		{51BB7DCD-01DD-453D-A1E7-17E5E3DBB14C}.Debug|Any CPU.ActiveCfg = Debug|Any CPU
		{51BB7DCD-01DD-453D-A1E7-17E5E3DBB14C}.Debug|Any CPU.Build.0 = Debug|Any CPU
		{51BB7DCD-01DD-453D-A1E7-17E5E3DBB14C}.Release|Any CPU.ActiveCfg = Release|Any CPU
		{51BB7DCD-01DD-453D-A1E7-17E5E3DBB14C}.Release|Any CPU.Build.0 = Release|Any CPU
		{54DE20BA-EBA7-4BF0-9BD9-F03766849716}.Debug|Any CPU.ActiveCfg = Debug|Any CPU
		{54DE20BA-EBA7-4BF0-9BD9-F03766849716}.Debug|Any CPU.Build.0 = Debug|Any CPU
		{54DE20BA-EBA7-4BF0-9BD9-F03766849716}.Release|Any CPU.ActiveCfg = Release|Any CPU
		{54DE20BA-EBA7-4BF0-9BD9-F03766849716}.Release|Any CPU.Build.0 = Release|Any CPU
		{1223ED47-3E5E-4960-B70D-DFAF550F6666}.Debug|Any CPU.ActiveCfg = Debug|Any CPU
		{1223ED47-3E5E-4960-B70D-DFAF550F6666}.Debug|Any CPU.Build.0 = Debug|Any CPU
		{1223ED47-3E5E-4960-B70D-DFAF550F6666}.Release|Any CPU.ActiveCfg = Release|Any CPU
		{1223ED47-3E5E-4960-B70D-DFAF550F6666}.Release|Any CPU.Build.0 = Release|Any CPU
		{AF205715-C8B7-42EF-BF14-AFC9E7F27242}.Debug|Any CPU.ActiveCfg = Debug|Any CPU
		{AF205715-C8B7-42EF-BF14-AFC9E7F27242}.Debug|Any CPU.Build.0 = Debug|Any CPU
		{AF205715-C8B7-42EF-BF14-AFC9E7F27242}.Release|Any CPU.ActiveCfg = Release|Any CPU
		{AF205715-C8B7-42EF-BF14-AFC9E7F27242}.Release|Any CPU.Build.0 = Release|Any CPU
	EndGlobalSection
	GlobalSection(SolutionProperties) = preSolution
		HideSolutionNode = FALSE
	EndGlobalSection
	GlobalSection(NestedProjects) = preSolution
		{5080DB09-CBE8-4C45-9957-C3BB7651755E} = {EF47161E-E399-451C-BDE8-E92AAD3BD761}
		{2EEE6ABD-EE9B-473F-AF2D-6DABB85D7BA2} = {EF47161E-E399-451C-BDE8-E92AAD3BD761}
		{6803696C-B19A-4B27-9193-082A02B6F205} = {EF47161E-E399-451C-BDE8-E92AAD3BD761}
		{B7B2EA4D-E7F0-43E2-942A-3A5AA8F57272} = {EF47161E-E399-451C-BDE8-E92AAD3BD761}
		{DD26E7B4-9D3A-4E1E-8585-862DB6DE21EB} = {2EEE6ABD-EE9B-473F-AF2D-6DABB85D7BA2}
		{660FEDAB-D085-476B-9E16-73E42F66DB4F} = {5080DB09-CBE8-4C45-9957-C3BB7651755E}
		{BC6F28F1-9F47-4FFE-AD06-2B74CB89E76B} = {5080DB09-CBE8-4C45-9957-C3BB7651755E}
		{FB738255-0304-4A25-B256-22E36EDF9507} = {5080DB09-CBE8-4C45-9957-C3BB7651755E}
		{91301F52-E589-499E-97DE-91FA074B790C} = {5080DB09-CBE8-4C45-9957-C3BB7651755E}
		{68883A5C-BD59-404D-A394-18104D6F472C} = {5080DB09-CBE8-4C45-9957-C3BB7651755E}
		{FE54AD67-817A-4CC6-A9EF-C9F7A5122CA4} = {2EEE6ABD-EE9B-473F-AF2D-6DABB85D7BA2}
		{1DE96D4F-F2CA-4740-8764-BADD1000040A} = {2EEE6ABD-EE9B-473F-AF2D-6DABB85D7BA2}
		{9274B938-3996-4FBA-AE2F-0C82009B1116} = {2EEE6ABD-EE9B-473F-AF2D-6DABB85D7BA2}
		{86BC1E05-E9CE-4E53-B324-885A2FDBCE74} = {2EEE6ABD-EE9B-473F-AF2D-6DABB85D7BA2}
		{AFAD87C7-B2EE-451E-BA7E-3F5A91358C48} = {2EEE6ABD-EE9B-473F-AF2D-6DABB85D7BA2}
		{8FEAFD74-C304-4F75-BA38-4686BE55C891} = {5080DB09-CBE8-4C45-9957-C3BB7651755E}
		{37B598A8-B054-4ABA-884D-96AEF2511600} = {E6CEAD8D-F565-471E-A0DC-676F54EAEDEB}
		{17C270A8-EC88-4883-9318-74BB28EFF508} = {E6CEAD8D-F565-471E-A0DC-676F54EAEDEB}
		{0631B4BA-D5DD-4C9E-8842-0D370A3D714A} = {5080DB09-CBE8-4C45-9957-C3BB7651755E}
		{9162B6AD-AD06-4C64-9032-0E727643B1B9} = {E6CEAD8D-F565-471E-A0DC-676F54EAEDEB}
		{58EC09C7-EC0A-4708-9B6F-FBE6243CEB49} = {E6CEAD8D-F565-471E-A0DC-676F54EAEDEB}
		{8C2BD4D2-43EC-4930-9364-CDA938C01803} = {E6CEAD8D-F565-471E-A0DC-676F54EAEDEB}
		{4C4DE624-9D91-484F-8BF7-2D71264EAB8B} = {6803696C-B19A-4B27-9193-082A02B6F205}
		{ED5074AF-A09E-4357-A419-FE3476C0FAE7} = {5080DB09-CBE8-4C45-9957-C3BB7651755E}
		{FBF8D151-A3BF-4EB3-8F80-D71618696362} = {6803696C-B19A-4B27-9193-082A02B6F205}
		{50E1AFAC-0B58-43A8-8F03-3A63AAC681FA} = {5080DB09-CBE8-4C45-9957-C3BB7651755E}
		{5E792455-4C4C-460F-849E-50A5DCED454D} = {5080DB09-CBE8-4C45-9957-C3BB7651755E}
		{58D0480F-D05D-4348-86D9-B0A7255700E6} = {5080DB09-CBE8-4C45-9957-C3BB7651755E}
		{BB776411-D279-419F-8697-5C6F52BCD5CD} = {5080DB09-CBE8-4C45-9957-C3BB7651755E}
		{F9F8F9CD-01D9-468B-856D-6A87F0762A01} = {E6CEAD8D-F565-471E-A0DC-676F54EAEDEB}
		{A4B8E54D-F8FE-4358-AE14-A5354E828938} = {E6CEAD8D-F565-471E-A0DC-676F54EAEDEB}
		{AAE2E9F9-37EF-4AE1-A200-D37417C9040C} = {2EEE6ABD-EE9B-473F-AF2D-6DABB85D7BA2}
		{77C49ACA-203E-428C-A4DB-114DFE454988} = {5080DB09-CBE8-4C45-9957-C3BB7651755E}
		{A2374B7C-4198-40B3-B8FE-FAC3DB3F2539} = {2EEE6ABD-EE9B-473F-AF2D-6DABB85D7BA2}
		{6BC66637-B42A-4334-ADFB-DBEC9F29D293} = {5080DB09-CBE8-4C45-9957-C3BB7651755E}
		{62A9709E-27DA-42EE-B94F-5AF431D86354} = {E6CEAD8D-F565-471E-A0DC-676F54EAEDEB}
		{0E3C1496-8E7C-411A-A536-C7C9CE4EED4E} = {5080DB09-CBE8-4C45-9957-C3BB7651755E}
		{EC497168-5347-4E70-9D9E-9C2F826C1CDF} = {E6CEAD8D-F565-471E-A0DC-676F54EAEDEB}
		{9B7811AC-68D6-4D19-B1E9-65423393ED83} = {5080DB09-CBE8-4C45-9957-C3BB7651755E}
		{0C9617A9-C8B7-45F6-A54A-261A23AC881B} = {5080DB09-CBE8-4C45-9957-C3BB7651755E}
		{42F475BC-95F4-42E1-8CCD-7B9C27487E33} = {5080DB09-CBE8-4C45-9957-C3BB7651755E}
		{7EDD9353-F5C2-414C-AE51-4B0F1C5E105A} = {2EEE6ABD-EE9B-473F-AF2D-6DABB85D7BA2}
		{5E82A137-0954-46A1-8C46-13C00F0E4842} = {2EEE6ABD-EE9B-473F-AF2D-6DABB85D7BA2}
		{453E260D-DBDC-4DDC-BC9C-CA500CED7897} = {2EEE6ABD-EE9B-473F-AF2D-6DABB85D7BA2}
		{DF7F7ECA-1771-40C9-9CD0-AFEFC44E60DE} = {E6CEAD8D-F565-471E-A0DC-676F54EAEDEB}
		{3ECEC028-7E2C-4983-B928-26C073B51BB7} = {E6CEAD8D-F565-471E-A0DC-676F54EAEDEB}
		{435C6263-C6F8-4E93-B417-D861E9C22E18} = {2EEE6ABD-EE9B-473F-AF2D-6DABB85D7BA2}
		{F6348170-B695-4D97-BAE6-4F0F643F3BEF} = {2EEE6ABD-EE9B-473F-AF2D-6DABB85D7BA2}
		{44644716-0CE8-4837-B189-AB65AE2106AA} = {E6CEAD8D-F565-471E-A0DC-676F54EAEDEB}
		{78217204-B873-40B9-8875-E3925B2FBCEC} = {E6CEAD8D-F565-471E-A0DC-676F54EAEDEB}
		{20B98905-08CB-4854-8E2C-A31A078383E9} = {EF47161E-E399-451C-BDE8-E92AAD3BD761}
		{5BE6D628-B9DB-4C76-AAEB-8F3800509A84} = {5080DB09-CBE8-4C45-9957-C3BB7651755E}
		{E32CF21A-29CC-46D1-8044-FCC327F2B281} = {5080DB09-CBE8-4C45-9957-C3BB7651755E}
		{51BB7DCD-01DD-453D-A1E7-17E5E3DBB14C} = {E6CEAD8D-F565-471E-A0DC-676F54EAEDEB}
		{54DE20BA-EBA7-4BF0-9BD9-F03766849716} = {E6CEAD8D-F565-471E-A0DC-676F54EAEDEB}
		{1223ED47-3E5E-4960-B70D-DFAF550F6666} = {5080DB09-CBE8-4C45-9957-C3BB7651755E}
		{AF205715-C8B7-42EF-BF14-AFC9E7F27242} = {2EEE6ABD-EE9B-473F-AF2D-6DABB85D7BA2}
	EndGlobalSection
	GlobalSection(ExtensibilityGlobals) = postSolution
		SolutionGuid = {DC0FA8D3-6449-4FDA-BB46-ECF58FAD23B4}
	EndGlobalSection
EndGlobal
