
Microsoft Visual Studio Solution File, Format Version 12.00
# Visual Studio 14
VisualStudioVersion = 14.0.25420.1
MinimumVisualStudioVersion = 10.0.40219.1
Project("{2150E333-8FDC-42A3-9474-1A3956D46DE8}") = "src", "src", "{EF47161E-E399-451C-BDE8-E92AAD3BD761}"
EndProject
Project("{2150E333-8FDC-42A3-9474-1A3956D46DE8}") = "Solution Items", "Solution Items", "{F6AC9AEB-24EF-475A-B190-AA4D9E01270A}"
	ProjectSection(SolutionItems) = preProject
		global.json = global.json
		readme.md = readme.md
	EndProjectSection
EndProject
Project("{8BB2217D-0F2D-49D1-97BC-3654ED321F3B}") = "WorkflowCore", "src\WorkflowCore\WorkflowCore.xproj", "{B7B2EA4D-E7F0-43E2-942A-3A5AA8F57272}"
EndProject
Project("{2150E333-8FDC-42A3-9474-1A3956D46DE8}") = "samples", "samples", "{5080DB09-CBE8-4C45-9957-C3BB7651755E}"
EndProject
Project("{2150E333-8FDC-42A3-9474-1A3956D46DE8}") = "providers", "providers", "{2EEE6ABD-EE9B-473F-AF2D-6DABB85D7BA2}"
EndProject
Project("{8BB2217D-0F2D-49D1-97BC-3654ED321F3B}") = "WorkflowCore.Persistence.MongoDB", "src\providers\WorkflowCore.Persistence.MongoDB\WorkflowCore.Persistence.MongoDB.xproj", "{DD26E7B4-9D3A-4E1E-8585-862DB6DE21EB}"
EndProject
Project("{8BB2217D-0F2D-49D1-97BC-3654ED321F3B}") = "WorkflowCore.Sample01", "src\samples\WorkflowCore.Sample01\WorkflowCore.Sample01.xproj", "{660FEDAB-D085-476B-9E16-73E42F66DB4F}"
EndProject
Project("{8BB2217D-0F2D-49D1-97BC-3654ED321F3B}") = "WorkflowCore.Sample02", "src\samples\WorkflowCore.Sample02\WorkflowCore.Sample02.xproj", "{BC6F28F1-9F47-4FFE-AD06-2B74CB89E76B}"
EndProject
Project("{8BB2217D-0F2D-49D1-97BC-3654ED321F3B}") = "WorkflowCore.Sample03", "src\samples\WorkflowCore.Sample03\WorkflowCore.Sample03.xproj", "{FB738255-0304-4A25-B256-22E36EDF9507}"
EndProject
Project("{8BB2217D-0F2D-49D1-97BC-3654ED321F3B}") = "WorkflowCore.Sample04", "src\samples\WorkflowCore.Sample04\WorkflowCore.Sample04.xproj", "{91301F52-E589-499E-97DE-91FA074B790C}"
EndProject
Project("{8BB2217D-0F2D-49D1-97BC-3654ED321F3B}") = "WorkflowCore.Sample05", "src\samples\WorkflowCore.Sample05\WorkflowCore.Sample05.xproj", "{68883A5C-BD59-404D-A394-18104D6F472C}"
EndProject
Project("{8BB2217D-0F2D-49D1-97BC-3654ED321F3B}") = "WorkflowCore.Persistence.EntityFramework", "src\providers\WorkflowCore.Persistence.EntityFramework\WorkflowCore.Persistence.EntityFramework.xproj", "{FE54AD67-817A-4CC6-A9EF-C9F7A5122CA4}"
EndProject
Project("{8BB2217D-0F2D-49D1-97BC-3654ED321F3B}") = "WorkflowCore.Persistence.SqlServer", "src\providers\WorkflowCore.Persistence.SqlServer\WorkflowCore.Persistence.SqlServer.xproj", "{1DE96D4F-F2CA-4740-8764-BADD1000040A}"
EndProject
Project("{8BB2217D-0F2D-49D1-97BC-3654ED321F3B}") = "WorkflowCore.Persistence.PostgreSQL", "src\providers\WorkflowCore.Persistence.PostgreSQL\WorkflowCore.Persistence.PostgreSQL.xproj", "{9274B938-3996-4FBA-AE2F-0C82009B1116}"
EndProject
Project("{8BB2217D-0F2D-49D1-97BC-3654ED321F3B}") = "WorkflowCore.Persistence.Sqlite", "src\providers\WorkflowCore.Persistence.Sqlite\WorkflowCore.Persistence.Sqlite.xproj", "{86BC1E05-E9CE-4E53-B324-885A2FDBCE74}"
EndProject
Project("{8BB2217D-0F2D-49D1-97BC-3654ED321F3B}") = "WorkflowCore.LockProviders.Redlock", "src\providers\WorkflowCore.LockProviders.Redlock\WorkflowCore.LockProviders.Redlock.xproj", "{05250D58-A59E-4212-8D55-E7BC0396E9F5}"
EndProject
Project("{8BB2217D-0F2D-49D1-97BC-3654ED321F3B}") = "WorkflowCore.LockProviders.ZooKeeper", "src\providers\WorkflowCore.LockProviders.ZooKeeper\WorkflowCore.LockProviders.ZooKeeper.xproj", "{3BBA51EE-765A-4772-A940-7F853E1010FC}"
EndProject
Project("{8BB2217D-0F2D-49D1-97BC-3654ED321F3B}") = "WorkflowCore.QueueProviders.RabbitMQ", "src\providers\WorkflowCore.QueueProviders.RabbitMQ\WorkflowCore.QueueProviders.RabbitMQ.xproj", "{AFAD87C7-B2EE-451E-BA7E-3F5A91358C48}"
EndProject
Project("{8BB2217D-0F2D-49D1-97BC-3654ED321F3B}") = "WorkflowCore.Sample06", "src\samples\WorkflowCore.Sample06\WorkflowCore.Sample06.xproj", "{8FEAFD74-C304-4F75-BA38-4686BE55C891}"
EndProject
Global
	GlobalSection(SolutionConfigurationPlatforms) = preSolution
		Debug|Any CPU = Debug|Any CPU
		Release|Any CPU = Release|Any CPU
	EndGlobalSection
	GlobalSection(ProjectConfigurationPlatforms) = postSolution
		{B7B2EA4D-E7F0-43E2-942A-3A5AA8F57272}.Debug|Any CPU.ActiveCfg = Debug|Any CPU
		{B7B2EA4D-E7F0-43E2-942A-3A5AA8F57272}.Debug|Any CPU.Build.0 = Debug|Any CPU
		{B7B2EA4D-E7F0-43E2-942A-3A5AA8F57272}.Release|Any CPU.ActiveCfg = Release|Any CPU
		{B7B2EA4D-E7F0-43E2-942A-3A5AA8F57272}.Release|Any CPU.Build.0 = Release|Any CPU
		{DD26E7B4-9D3A-4E1E-8585-862DB6DE21EB}.Debug|Any CPU.ActiveCfg = Debug|Any CPU
		{DD26E7B4-9D3A-4E1E-8585-862DB6DE21EB}.Debug|Any CPU.Build.0 = Debug|Any CPU
		{DD26E7B4-9D3A-4E1E-8585-862DB6DE21EB}.Release|Any CPU.ActiveCfg = Release|Any CPU
		{DD26E7B4-9D3A-4E1E-8585-862DB6DE21EB}.Release|Any CPU.Build.0 = Release|Any CPU
		{660FEDAB-D085-476B-9E16-73E42F66DB4F}.Debug|Any CPU.ActiveCfg = Debug|Any CPU
		{660FEDAB-D085-476B-9E16-73E42F66DB4F}.Debug|Any CPU.Build.0 = Debug|Any CPU
		{660FEDAB-D085-476B-9E16-73E42F66DB4F}.Release|Any CPU.ActiveCfg = Release|Any CPU
		{660FEDAB-D085-476B-9E16-73E42F66DB4F}.Release|Any CPU.Build.0 = Release|Any CPU
		{BC6F28F1-9F47-4FFE-AD06-2B74CB89E76B}.Debug|Any CPU.ActiveCfg = Debug|Any CPU
		{BC6F28F1-9F47-4FFE-AD06-2B74CB89E76B}.Debug|Any CPU.Build.0 = Debug|Any CPU
		{BC6F28F1-9F47-4FFE-AD06-2B74CB89E76B}.Release|Any CPU.ActiveCfg = Release|Any CPU
		{BC6F28F1-9F47-4FFE-AD06-2B74CB89E76B}.Release|Any CPU.Build.0 = Release|Any CPU
		{FB738255-0304-4A25-B256-22E36EDF9507}.Debug|Any CPU.ActiveCfg = Debug|Any CPU
		{FB738255-0304-4A25-B256-22E36EDF9507}.Debug|Any CPU.Build.0 = Debug|Any CPU
		{FB738255-0304-4A25-B256-22E36EDF9507}.Release|Any CPU.ActiveCfg = Release|Any CPU
		{FB738255-0304-4A25-B256-22E36EDF9507}.Release|Any CPU.Build.0 = Release|Any CPU
		{91301F52-E589-499E-97DE-91FA074B790C}.Debug|Any CPU.ActiveCfg = Debug|Any CPU
		{91301F52-E589-499E-97DE-91FA074B790C}.Debug|Any CPU.Build.0 = Debug|Any CPU
		{91301F52-E589-499E-97DE-91FA074B790C}.Release|Any CPU.ActiveCfg = Release|Any CPU
		{91301F52-E589-499E-97DE-91FA074B790C}.Release|Any CPU.Build.0 = Release|Any CPU
		{68883A5C-BD59-404D-A394-18104D6F472C}.Debug|Any CPU.ActiveCfg = Debug|Any CPU
		{68883A5C-BD59-404D-A394-18104D6F472C}.Debug|Any CPU.Build.0 = Debug|Any CPU
		{68883A5C-BD59-404D-A394-18104D6F472C}.Release|Any CPU.ActiveCfg = Release|Any CPU
		{68883A5C-BD59-404D-A394-18104D6F472C}.Release|Any CPU.Build.0 = Release|Any CPU
		{FE54AD67-817A-4CC6-A9EF-C9F7A5122CA4}.Debug|Any CPU.ActiveCfg = Debug|Any CPU
		{FE54AD67-817A-4CC6-A9EF-C9F7A5122CA4}.Debug|Any CPU.Build.0 = Debug|Any CPU
		{FE54AD67-817A-4CC6-A9EF-C9F7A5122CA4}.Release|Any CPU.ActiveCfg = Release|Any CPU
		{FE54AD67-817A-4CC6-A9EF-C9F7A5122CA4}.Release|Any CPU.Build.0 = Release|Any CPU
		{1DE96D4F-F2CA-4740-8764-BADD1000040A}.Debug|Any CPU.ActiveCfg = Debug|Any CPU
		{1DE96D4F-F2CA-4740-8764-BADD1000040A}.Debug|Any CPU.Build.0 = Debug|Any CPU
		{1DE96D4F-F2CA-4740-8764-BADD1000040A}.Release|Any CPU.ActiveCfg = Release|Any CPU
		{1DE96D4F-F2CA-4740-8764-BADD1000040A}.Release|Any CPU.Build.0 = Release|Any CPU
		{9274B938-3996-4FBA-AE2F-0C82009B1116}.Debug|Any CPU.ActiveCfg = Debug|Any CPU
		{9274B938-3996-4FBA-AE2F-0C82009B1116}.Debug|Any CPU.Build.0 = Debug|Any CPU
		{9274B938-3996-4FBA-AE2F-0C82009B1116}.Release|Any CPU.ActiveCfg = Release|Any CPU
		{9274B938-3996-4FBA-AE2F-0C82009B1116}.Release|Any CPU.Build.0 = Release|Any CPU
		{86BC1E05-E9CE-4E53-B324-885A2FDBCE74}.Debug|Any CPU.ActiveCfg = Debug|Any CPU
		{86BC1E05-E9CE-4E53-B324-885A2FDBCE74}.Debug|Any CPU.Build.0 = Debug|Any CPU
		{86BC1E05-E9CE-4E53-B324-885A2FDBCE74}.Release|Any CPU.ActiveCfg = Release|Any CPU
		{86BC1E05-E9CE-4E53-B324-885A2FDBCE74}.Release|Any CPU.Build.0 = Release|Any CPU
		{05250D58-A59E-4212-8D55-E7BC0396E9F5}.Debug|Any CPU.ActiveCfg = Debug|Any CPU
		{05250D58-A59E-4212-8D55-E7BC0396E9F5}.Debug|Any CPU.Build.0 = Debug|Any CPU
		{05250D58-A59E-4212-8D55-E7BC0396E9F5}.Release|Any CPU.ActiveCfg = Release|Any CPU
		{05250D58-A59E-4212-8D55-E7BC0396E9F5}.Release|Any CPU.Build.0 = Release|Any CPU
		{3BBA51EE-765A-4772-A940-7F853E1010FC}.Debug|Any CPU.ActiveCfg = Debug|Any CPU
		{3BBA51EE-765A-4772-A940-7F853E1010FC}.Debug|Any CPU.Build.0 = Debug|Any CPU
		{3BBA51EE-765A-4772-A940-7F853E1010FC}.Release|Any CPU.ActiveCfg = Release|Any CPU
		{3BBA51EE-765A-4772-A940-7F853E1010FC}.Release|Any CPU.Build.0 = Release|Any CPU
		{AFAD87C7-B2EE-451E-BA7E-3F5A91358C48}.Debug|Any CPU.ActiveCfg = Debug|Any CPU
		{AFAD87C7-B2EE-451E-BA7E-3F5A91358C48}.Debug|Any CPU.Build.0 = Debug|Any CPU
		{AFAD87C7-B2EE-451E-BA7E-3F5A91358C48}.Release|Any CPU.ActiveCfg = Release|Any CPU
		{AFAD87C7-B2EE-451E-BA7E-3F5A91358C48}.Release|Any CPU.Build.0 = Release|Any CPU
		{8FEAFD74-C304-4F75-BA38-4686BE55C891}.Debug|Any CPU.ActiveCfg = Debug|Any CPU
		{8FEAFD74-C304-4F75-BA38-4686BE55C891}.Debug|Any CPU.Build.0 = Debug|Any CPU
		{8FEAFD74-C304-4F75-BA38-4686BE55C891}.Release|Any CPU.ActiveCfg = Release|Any CPU
		{8FEAFD74-C304-4F75-BA38-4686BE55C891}.Release|Any CPU.Build.0 = Release|Any CPU
	EndGlobalSection
	GlobalSection(SolutionProperties) = preSolution
		HideSolutionNode = FALSE
	EndGlobalSection
	GlobalSection(NestedProjects) = preSolution
		{B7B2EA4D-E7F0-43E2-942A-3A5AA8F57272} = {EF47161E-E399-451C-BDE8-E92AAD3BD761}
		{5080DB09-CBE8-4C45-9957-C3BB7651755E} = {EF47161E-E399-451C-BDE8-E92AAD3BD761}
		{2EEE6ABD-EE9B-473F-AF2D-6DABB85D7BA2} = {EF47161E-E399-451C-BDE8-E92AAD3BD761}
		{DD26E7B4-9D3A-4E1E-8585-862DB6DE21EB} = {2EEE6ABD-EE9B-473F-AF2D-6DABB85D7BA2}
		{660FEDAB-D085-476B-9E16-73E42F66DB4F} = {5080DB09-CBE8-4C45-9957-C3BB7651755E}
		{BC6F28F1-9F47-4FFE-AD06-2B74CB89E76B} = {5080DB09-CBE8-4C45-9957-C3BB7651755E}
		{FB738255-0304-4A25-B256-22E36EDF9507} = {5080DB09-CBE8-4C45-9957-C3BB7651755E}
		{91301F52-E589-499E-97DE-91FA074B790C} = {5080DB09-CBE8-4C45-9957-C3BB7651755E}
		{68883A5C-BD59-404D-A394-18104D6F472C} = {5080DB09-CBE8-4C45-9957-C3BB7651755E}
		{FE54AD67-817A-4CC6-A9EF-C9F7A5122CA4} = {2EEE6ABD-EE9B-473F-AF2D-6DABB85D7BA2}
		{1DE96D4F-F2CA-4740-8764-BADD1000040A} = {2EEE6ABD-EE9B-473F-AF2D-6DABB85D7BA2}
		{9274B938-3996-4FBA-AE2F-0C82009B1116} = {2EEE6ABD-EE9B-473F-AF2D-6DABB85D7BA2}
		{86BC1E05-E9CE-4E53-B324-885A2FDBCE74} = {2EEE6ABD-EE9B-473F-AF2D-6DABB85D7BA2}
		{05250D58-A59E-4212-8D55-E7BC0396E9F5} = {2EEE6ABD-EE9B-473F-AF2D-6DABB85D7BA2}
		{3BBA51EE-765A-4772-A940-7F853E1010FC} = {2EEE6ABD-EE9B-473F-AF2D-6DABB85D7BA2}
		{AFAD87C7-B2EE-451E-BA7E-3F5A91358C48} = {2EEE6ABD-EE9B-473F-AF2D-6DABB85D7BA2}
		{8FEAFD74-C304-4F75-BA38-4686BE55C891} = {5080DB09-CBE8-4C45-9957-C3BB7651755E}
	EndGlobalSection
EndGlobal
